// !$*UTF8*$!
{
	archiveVersion = 1;
	classes = {
	};
	objectVersion = 56;
	objects = {

/* Begin PBXBuildFile section */
		B10000010000000000000001 /* SanpoPediaApp.swift in Sources */ = {isa = PBXBuildFile; fileRef = B20000010000000000000001; };
		B10000010000000000000002 /* ContentView.swift in Sources */ = {isa = PBXBuildFile; fileRef = B20000010000000000000002; };
		B10000010000000000000003 /* Models.swift in Sources */ = {isa = PBXBuildFile; fileRef = B20000010000000000000003; };
		B10000010000000000000004 /* WikipediaService.swift in Sources */ = {isa = PBXBuildFile; fileRef = B20000010000000000000004; };
		B10000010000000000000005 /* LocationManager.swift in Sources */ = {isa = PBXBuildFile; fileRef = B20000010000000000000005; };
		B10000010000000000000006 /* FavoritesStore.swift in Sources */ = {isa = PBXBuildFile; fileRef = B20000010000000000000006; };
		B10000010000000000000007 /* CategoryFilterView.swift in Sources */ = {isa = PBXBuildFile; fileRef = B20000010000000000000007; };
		B10000010000000000000008 /* SpotListView.swift in Sources */ = {isa = PBXBuildFile; fileRef = B20000010000000000000008; };
		B10000010000000000000009 /* SpotMapView.swift in Sources */ = {isa = PBXBuildFile; fileRef = B20000010000000000000009; };
		B1000001000000000000000A /* SpotDetailView.swift in Sources */ = {isa = PBXBuildFile; fileRef = B2000001000000000000000A; };
		B1000001000000000000000B /* BannerAdView.swift in Sources */ = {isa = PBXBuildFile; fileRef = B2000001000000000000000B; };
		B1000001000000000000000C /* ColorExtension.swift in Sources */ = {isa = PBXBuildFile; fileRef = B2000001000000000000000C; };
		B1000001000000000000000D /* Assets.xcassets in Resources */ = {isa = PBXBuildFile; fileRef = B2000001000000000000000D; };
		B1000001000000000000000E /* GoogleMobileAds in Frameworks */ = {isa = PBXBuildFile; productRef = B90000010000000000000002 /* GoogleMobileAds */; };
/* End PBXBuildFile section */

/* Begin PBXFileReference section */
		B20000010000000000000001 /* SanpoPediaApp.swift */ = {isa = PBXFileReference; lastKnownFileType = sourcecode.swift; path = SanpoPediaApp.swift; sourceTree = "<group>"; };
		B20000010000000000000002 /* ContentView.swift */ = {isa = PBXFileReference; lastKnownFileType = sourcecode.swift; path = ContentView.swift; sourceTree = "<group>"; };
		B20000010000000000000003 /* Models.swift */ = {isa = PBXFileReference; lastKnownFileType = sourcecode.swift; path = Models.swift; sourceTree = "<group>"; };
		B20000010000000000000004 /* WikipediaService.swift */ = {isa = PBXFileReference; lastKnownFileType = sourcecode.swift; path = WikipediaService.swift; sourceTree = "<group>"; };
		B20000010000000000000005 /* LocationManager.swift */ = {isa = PBXFileReference; lastKnownFileType = sourcecode.swift; path = LocationManager.swift; sourceTree = "<group>"; };
		B20000010000000000000006 /* FavoritesStore.swift */ = {isa = PBXFileReference; lastKnownFileType = sourcecode.swift; path = FavoritesStore.swift; sourceTree = "<group>"; };
		B20000010000000000000007 /* CategoryFilterView.swift */ = {isa = PBXFileReference; lastKnownFileType = sourcecode.swift; path = CategoryFilterView.swift; sourceTree = "<group>"; };
		B20000010000000000000008 /* SpotListView.swift */ = {isa = PBXFileReference; lastKnownFileType = sourcecode.swift; path = SpotListView.swift; sourceTree = "<group>"; };
		B20000010000000000000009 /* SpotMapView.swift */ = {isa = PBXFileReference; lastKnownFileType = sourcecode.swift; path = SpotMapView.swift; sourceTree = "<group>"; };
		B2000001000000000000000A /* SpotDetailView.swift */ = {isa = PBXFileReference; lastKnownFileType = sourcecode.swift; path = SpotDetailView.swift; sourceTree = "<group>"; };
		B2000001000000000000000B /* BannerAdView.swift */ = {isa = PBXFileReference; lastKnownFileType = sourcecode.swift; path = BannerAdView.swift; sourceTree = "<group>"; };
		B2000001000000000000000C /* ColorExtension.swift */ = {isa = PBXFileReference; lastKnownFileType = sourcecode.swift; path = ColorExtension.swift; sourceTree = "<group>"; };
		B2000001000000000000000D /* Assets.xcassets */ = {isa = PBXFileReference; lastKnownFileType = folder.assetcatalog; path = Assets.xcassets; sourceTree = "<group>"; };
		B2000001000000000000000E /* Info.plist */ = {isa = PBXFileReference; lastKnownFileType = text.plist.xml; path = Info.plist; sourceTree = "<group>"; };
		B2000001000000000000000F /* SanpoPedia.app */ = {isa = PBXFileReference; explicitFileType = wrapper.application; includeInIndex = 0; path = SanpoPedia.app; sourceTree = BUILT_PRODUCTS_DIR; };
/* End PBXFileReference section */

/* Begin PBXFrameworksBuildPhase section */
		B30000010000000000000001 /* Frameworks */ = {
			isa = PBXFrameworksBuildPhase;
			buildActionMask = 2147483647;
			files = (
				B1000001000000000000000E /* GoogleMobileAds in Frameworks */,
			);
			runOnlyForDeploymentPostprocessing = 0;
		};
/* End PBXFrameworksBuildPhase section */

/* Begin PBXGroup section */
		B40000010000000000000001 = {
			isa = PBXGroup;
			children = (
				B40000010000000000000002 /* SanpoPedia */,
				B40000010000000000000003 /* Products */,
			);
			sourceTree = "<group>";
		};
		B40000010000000000000002 /* SanpoPedia */ = {
			isa = PBXGroup;
			children = (
				B20000010000000000000001 /* SanpoPediaApp.swift */,
				B20000010000000000000002 /* ContentView.swift */,
				B20000010000000000000003 /* Models.swift */,
				B20000010000000000000004 /* WikipediaService.swift */,
				B20000010000000000000005 /* LocationManager.swift */,
				B20000010000000000000006 /* FavoritesStore.swift */,
				B20000010000000000000007 /* CategoryFilterView.swift */,
				B20000010000000000000008 /* SpotListView.swift */,
				B20000010000000000000009 /* SpotMapView.swift */,
				B2000001000000000000000A /* SpotDetailView.swift */,
				B2000001000000000000000B /* BannerAdView.swift */,
				B2000001000000000000000C /* ColorExtension.swift */,
				B2000001000000000000000D /* Assets.xcassets */,
				B2000001000000000000000E /* Info.plist */,
			);
			path = SanpoPedia;
			sourceTree = "<group>";
		};
		B40000010000000000000003 /* Products */ = {
			isa = PBXGroup;
			children = (
				B2000001000000000000000F /* SanpoPedia.app */,
			);
			name = Products;
			sourceTree = "<group>";
		};
/* End PBXGroup section */

/* Begin PBXNativeTarget section */
		B50000010000000000000001 /* SanpoPedia */ = {
			isa = PBXNativeTarget;
			buildConfigurationList = B70000010000000000000001 /* Build configuration list for PBXNativeTarget "SanpoPedia" */;
			buildPhases = (
				B60000010000000000000001 /* Sources */,
				B30000010000000000000001 /* Frameworks */,
				B60000010000000000000002 /* Resources */,
			);
			buildRules = (
			);
			dependencies = (
			);
			name = SanpoPedia;
			packageProductDependencies = (
				B90000010000000000000002 /* GoogleMobileAds */,
			);
			productName = SanpoPedia;
			productReference = B2000001000000000000000F /* SanpoPedia.app */;
			productType = "com.apple.product-type.application";
		};
/* End PBXNativeTarget section */

/* Begin PBXProject section */
		B80000010000000000000001 /* Project object */ = {
			isa = PBXProject;
			attributes = {
				BuildIndependentTargetsInParallel = 1;
				LastSwiftUpdateCheck = 1540;
				LastUpgradeCheck = 1540;
				TargetAttributes = {
					B50000010000000000000001 = {
						CreatedOnToolsVersion = 15.4;
					};
				};
			};
			buildConfigurationList = B70000010000000000000002 /* Build configuration list for PBXProject "SanpoPedia" */;
			compatibilityVersion = "Xcode 14.0";
			developmentRegion = ja;
			hasScannedForEncodings = 0;
			knownRegions = (
				ja,
				en,
				Base,
			);
			mainGroup = B40000010000000000000001;
			packageReferences = (
				B90000010000000000000001 /* XCRemoteSwiftPackageReference "swift-package-manager-google-mobile-ads" */,
			);
			productRefGroup = B40000010000000000000003 /* Products */;
			projectDirPath = "";
			projectRoot = "";
			targets = (
				B50000010000000000000001 /* SanpoPedia */,
			);
		};
/* End PBXProject section */

/* Begin PBXResourcesBuildPhase section */
		B60000010000000000000002 /* Resources */ = {
			isa = PBXResourcesBuildPhase;
			buildActionMask = 2147483647;
			files = (
				B1000001000000000000000D /* Assets.xcassets in Resources */,
			);
			runOnlyForDeploymentPostprocessing = 0;
		};
/* End PBXResourcesBuildPhase section */

/* Begin PBXSourcesBuildPhase section */
		B60000010000000000000001 /* Sources */ = {
			isa = PBXSourcesBuildPhase;
			buildActionMask = 2147483647;
			files = (
				B10000010000000000000001 /* SanpoPediaApp.swift in Sources */,
				B10000010000000000000002 /* ContentView.swift in Sources */,
				B10000010000000000000003 /* Models.swift in Sources */,
				B10000010000000000000004 /* WikipediaService.swift in Sources */,
				B10000010000000000000005 /* LocationManager.swift in Sources */,
				B10000010000000000000006 /* FavoritesStore.swift in Sources */,
				B10000010000000000000007 /* CategoryFilterView.swift in Sources */,
				B10000010000000000000008 /* SpotListView.swift in Sources */,
				B10000010000000000000009 /* SpotMapView.swift in Sources */,
				B1000001000000000000000A /* SpotDetailView.swift in Sources */,
				B1000001000000000000000B /* BannerAdView.swift in Sources */,
				B1000001000000000000000C /* ColorExtension.swift in Sources */,
			);
			runOnlyForDeploymentPostprocessing = 0;
		};
/* End PBXSourcesBuildPhase section */

/* Begin XCBuildConfiguration section */
		C10000010000000000000001 /* Debug */ = {
			isa = XCBuildConfiguration;
			buildSettings = {
				ALWAYS_SEARCH_USER_PATHS = NO;
				ASSETCATALOG_COMPILER_GENERATE_SWIFT_ASSET_SYMBOL_EXTENSIONS = YES;
				CLANG_ANALYZER_NONNULL = YES;
				CLANG_CXX_LANGUAGE_STANDARD = "gnu++20";
				CLANG_ENABLE_MODULES = YES;
				CLANG_ENABLE_OBJC_ARC = YES;
				COPY_PHASE_STRIP = NO;
				DEBUG_INFORMATION_FORMAT = dwarf;
				ENABLE_STRICT_OBJC_MSGSEND = YES;
				ENABLE_TESTABILITY = YES;
				GCC_DYNAMIC_NO_PIC = NO;
				GCC_OPTIMIZATION_LEVEL = 0;
				GCC_PREPROCESSOR_DEFINITIONS = (
					"DEBUG=1",
					"$(inherited)",
				);
				GCC_WARN_64_TO_32_BIT_CONVERSION = YES;
				GCC_WARN_ABOUT_RETURN_TYPE = YES_ERROR;
				GCC_WARN_UNINITIALIZED_AUTOS = YES_AGGRESSIVE;
				GCC_WARN_UNUSED_FUNCTION = YES;
				GCC_WARN_UNUSED_VARIABLE = YES;
				IPHONEOS_DEPLOYMENT_TARGET = 17.0;
				MTL_ENABLE_DEBUG_INFO = INCLUDE_SOURCE;
				MTL_FAST_MATH = YES;
				ONLY_ACTIVE_ARCH = YES;
				SDKROOT = iphoneos;
				SWIFT_ACTIVE_COMPILATION_CONDITIONS = "$(inherited) DEBUG";
				SWIFT_OPTIMIZATION_LEVEL = "-Onone";
			};
			name = Debug;
		};
		C10000010000000000000002 /* Release */ = {
			isa = XCBuildConfiguration;
			buildSettings = {
				ALWAYS_SEARCH_USER_PATHS = NO;
				ASSETCATALOG_COMPILER_GENERATE_SWIFT_ASSET_SYMBOL_EXTENSIONS = YES;
				CLANG_ANALYZER_NONNULL = YES;
				CLANG_CXX_LANGUAGE_STANDARD = "gnu++20";
				CLANG_ENABLE_MODULES = YES;
				CLANG_ENABLE_OBJC_ARC = YES;
				COPY_PHASE_STRIP = NO;
				DEBUG_INFORMATION_FORMAT = "dwarf-with-dsym";
				ENABLE_NS_ASSERTIONS = NO;
				ENABLE_STRICT_OBJC_MSGSEND = YES;
				GCC_WARN_64_TO_32_BIT_CONVERSION = YES;
				GCC_WARN_ABOUT_RETURN_TYPE = YES_ERROR;
				GCC_WARN_UNINITIALIZED_AUTOS = YES_AGGRESSIVE;
				GCC_WARN_UNUSED_FUNCTION = YES;
				GCC_WARN_UNUSED_VARIABLE = YES;
				IPHONEOS_DEPLOYMENT_TARGET = 17.0;
				MTL_ENABLE_DEBUG_INFO = NO;
				MTL_FAST_MATH = YES;
				SDKROOT = iphoneos;
				SWIFT_COMPILATION_MODE = wholemodule;
				VALIDATE_PRODUCT = YES;
			};
			name = Release;
		};
		C10000010000000000000003 /* Debug */ = {
			isa = XCBuildConfiguration;
			buildSettings = {
				ASSETCATALOG_COMPILER_APPICON_NAME = AppIcon;
				ASSETCATALOG_COMPILER_GLOBAL_ACCENT_COLOR_NAME = AccentColor;
				CODE_SIGN_STYLE = Automatic;
				CURRENT_PROJECT_VERSION = 1;
				DEVELOPMENT_TEAM = "";
				GENERATE_INFOPLIST_FILE = YES;
				INFOPLIST_FILE = SanpoPedia/Info.plist;
				INFOPLIST_KEY_CFBundleDisplayName = "散歩ペディア";
				INFOPLIST_KEY_UIApplicationSceneManifest_Generation = YES;
				INFOPLIST_KEY_UIApplicationSupportsIndirectInputEvents = YES;
				INFOPLIST_KEY_UILaunchScreen_Generation = YES;
				INFOPLIST_KEY_UISupportedInterfaceOrientations_iPad = "UIInterfaceOrientationPortrait UIInterfaceOrientationPortraitUpsideDown UIInterfaceOrientationLandscapeLeft UIInterfaceOrientationLandscapeRight";
				INFOPLIST_KEY_UISupportedInterfaceOrientations_iPhone = "UIInterfaceOrientationPortrait";
				LD_RUNPATH_SEARCH_PATHS = (
					"$(inherited)",
					"@executable_path/Frameworks",
				);
				MARKETING_VERSION = 1.0.0;
				PRODUCT_BUNDLE_IDENTIFIER = com.snarfnet.SanpoPedia;
				PRODUCT_NAME = "$(TARGET_NAME)";
				SUPPORTED_PLATFORMS = "iphoneos iphonesimulator";
				SUPPORTS_MACCATALYST = NO;
				SWIFT_EMIT_LOC_STRINGS = YES;
				SWIFT_VERSION = 5.0;
				TARGETED_DEVICE_FAMILY = "1,2";
			};
			name = Debug;
		};
		C10000010000000000000004 /* Release */ = {
			isa = XCBuildConfiguration;
			buildSettings = {
				ASSETCATALOG_COMPILER_APPICON_NAME = AppIcon;
				ASSETCATALOG_COMPILER_GLOBAL_ACCENT_COLOR_NAME = AccentColor;
				CODE_SIGN_STYLE = Automatic;
				CURRENT_PROJECT_VERSION = 1;
				DEVELOPMENT_TEAM = "";
				GENERATE_INFOPLIST_FILE = YES;
				INFOPLIST_FILE = SanpoPedia/Info.plist;
				INFOPLIST_KEY_CFBundleDisplayName = "散歩ペディア";
				INFOPLIST_KEY_UIApplicationSceneManifest_Generation = YES;
				INFOPLIST_KEY_UIApplicationSupportsIndirectInputEvents = YES;
				INFOPLIST_KEY_UILaunchScreen_Generation = YES;
				INFOPLIST_KEY_UISupportedInterfaceOrientations_iPad = "UIInterfaceOrientationPortrait UIInterfaceOrientationPortraitUpsideDown UIInterfaceOrientationLandscapeLeft UIInterfaceOrientationLandscapeRight";
				INFOPLIST_KEY_UISupportedInterfaceOrientations_iPhone = "UIInterfaceOrientationPortrait";
				LD_RUNPATH_SEARCH_PATHS = (
					"$(inherited)",
					"@executable_path/Frameworks",
				);
				MARKETING_VERSION = 1.0.0;
				PRODUCT_BUNDLE_IDENTIFIER = com.snarfnet.SanpoPedia;
				PRODUCT_NAME = "$(TARGET_NAME)";
				SUPPORTED_PLATFORMS = "iphoneos iphonesimulator";
				SUPPORTS_MACCATALYST = NO;
				SWIFT_EMIT_LOC_STRINGS = YES;
				SWIFT_VERSION = 5.0;
				TARGETED_DEVICE_FAMILY = "1,2";
			};
			name = Release;
		};
/* End XCBuildConfiguration section */

/* Begin XCConfigurationList section */
		B70000010000000000000001 /* Build configuration list for PBXNativeTarget "SanpoPedia" */ = {
			isa = XCConfigurationList;
			buildConfigurations = (
				C10000010000000000000003 /* Debug */,
				C10000010000000000000004 /* Release */,
			);
			defaultConfigurationIsVisible = 0;
			defaultConfigurationName = Release;
		};
		B70000010000000000000002 /* Build configuration list for PBXProject "SanpoPedia" */ = {
			isa = XCConfigurationList;
			buildConfigurations = (
				C10000010000000000000001 /* Debug */,
				C10000010000000000000002 /* Release */,
			);
			defaultConfigurationIsVisible = 0;
			defaultConfigurationName = Release;
		};
/* End XCConfigurationList section */

/* Begin XCRemoteSwiftPackageReference section */
		B90000010000000000000001 /* XCRemoteSwiftPackageReference "swift-package-manager-google-mobile-ads" */ = {
			isa = XCRemoteSwiftPackageReference;
			repositoryURL = "https://github.com/googleads/swift-package-manager-google-mobile-ads";
			requirement = {
				kind = upToNextMajorVersion;
				minimumVersion = 11.13.0;
			};
		};
/* End XCRemoteSwiftPackageReference section */

/* Begin XCSwiftPackageProductDependency section */
		B90000010000000000000002 /* GoogleMobileAds */ = {
			isa = XCSwiftPackageProductDependency;
			package = B90000010000000000000001 /* XCRemoteSwiftPackageReference "swift-package-manager-google-mobile-ads" */;
			productName = GoogleMobileAds;
		};
/* End XCSwiftPackageProductDependency section */

	};
	rootObject = B80000010000000000000001 /* Project object */;
}
